
Microsoft Visual Studio Solution File, Format Version 12.00
# Visual Studio 15
VisualStudioVersion = 15.0.27004.2006
MinimumVisualStudioVersion = 10.0.40219.1
Project("{FAE04EC0-301F-11D3-BF4B-00C04F79EFBC}") = "PGEMonitor.UWP", "PGEMonitor.UWP\PGEMonitor.UWP.csproj", "{5F35994F-4A39-48A6-A14A-F897EA7CB79F}"
EndProject
Project("{FAE04EC0-301F-11D3-BF4B-00C04F79EFBC}") = "PGEMonitor.Lifx", "PGEMonitor.Lifx\PGEMonitor.Lifx.csproj", "{D11F619F-9C45-4AF2-AF54-55E273D8D698}"
EndProject
Project("{FAE04EC0-301F-11D3-BF4B-00C04F79EFBC}") = "PGEMonitor.Lifx.Udp", "PGEMonitor.Lifx.Udp\PGEMonitor.Lifx.Udp.csproj", "{5BF7B7A3-7304-4FED-B184-CB2202B85233}"
EndProject
Project("{FAE04EC0-301F-11D3-BF4B-00C04F79EFBC}") = "PGEMonitor.Lifx.Http", "PGEMonitor.Lifx.Http\PGEMonitor.Lifx.Http.csproj", "{7C1C197F-DC2C-4744-BD4C-DBDC6F6982EC}"
EndProject
Project("{FAE04EC0-301F-11D3-BF4B-00C04F79EFBC}") = "PGEMonitor.Gateway", "PGEMonitor.Gateway\PGEMonitor.Gateway.csproj", "{ED56483F-72DD-45C2-A311-28577ECE1DBF}"
EndProject
Project("{FAE04EC0-301F-11D3-BF4B-00C04F79EFBC}") = "PGEMonitor.Gateway.FT231X", "PGEMonitor.Gateway.FT231X\PGEMonitor.Gateway.FT231X.csproj", "{E0727D20-0C82-4AB0-B7AA-BDF76388EB30}"
EndProject
Project("{FAE04EC0-301F-11D3-BF4B-00C04F79EFBC}") = "PGEMonitor.Api", "PGEMonitor.Api\PGEMonitor.Api.csproj", "{B2AB8107-DB45-4622-A8BC-2AA9DFABCE68}"
EndProject
Project("{FAE04EC0-301F-11D3-BF4B-00C04F79EFBC}") = "PGEMonitor.Api.Restup", "PGEMonitor.Api.Restup\PGEMonitor.Api.Restup.csproj", "{B606F210-00AC-4C39-A98B-21B6B2D5F10F}"
EndProject
Project("{FAE04EC0-301F-11D3-BF4B-00C04F79EFBC}") = "PGEMonitor.Core", "PGEMonitor.Core\PGEMonitor.Core.csproj", "{FF2D04C0-1208-4A22-BFE1-CC4B6E66FF7F}"
EndProject
Global
	GlobalSection(SolutionConfigurationPlatforms) = preSolution
		Debug|Any CPU = Debug|Any CPU
		Debug|ARM = Debug|ARM
		Debug|x64 = Debug|x64
		Debug|x86 = Debug|x86
		Release|Any CPU = Release|Any CPU
		Release|ARM = Release|ARM
		Release|x64 = Release|x64
		Release|x86 = Release|x86
	EndGlobalSection
	GlobalSection(ProjectConfigurationPlatforms) = postSolution
		{5F35994F-4A39-48A6-A14A-F897EA7CB79F}.Debug|Any CPU.ActiveCfg = Debug|x86
		{5F35994F-4A39-48A6-A14A-F897EA7CB79F}.Debug|ARM.ActiveCfg = Debug|ARM
		{5F35994F-4A39-48A6-A14A-F897EA7CB79F}.Debug|ARM.Build.0 = Debug|ARM
		{5F35994F-4A39-48A6-A14A-F897EA7CB79F}.Debug|ARM.Deploy.0 = Debug|ARM
		{5F35994F-4A39-48A6-A14A-F897EA7CB79F}.Debug|x64.ActiveCfg = Debug|x64
		{5F35994F-4A39-48A6-A14A-F897EA7CB79F}.Debug|x64.Build.0 = Debug|x64
		{5F35994F-4A39-48A6-A14A-F897EA7CB79F}.Debug|x64.Deploy.0 = Debug|x64
		{5F35994F-4A39-48A6-A14A-F897EA7CB79F}.Debug|x86.ActiveCfg = Debug|x86
		{5F35994F-4A39-48A6-A14A-F897EA7CB79F}.Debug|x86.Build.0 = Debug|x86
		{5F35994F-4A39-48A6-A14A-F897EA7CB79F}.Debug|x86.Deploy.0 = Debug|x86
		{5F35994F-4A39-48A6-A14A-F897EA7CB79F}.Release|Any CPU.ActiveCfg = Release|x86
		{5F35994F-4A39-48A6-A14A-F897EA7CB79F}.Release|ARM.ActiveCfg = Release|ARM
		{5F35994F-4A39-48A6-A14A-F897EA7CB79F}.Release|ARM.Build.0 = Release|ARM
		{5F35994F-4A39-48A6-A14A-F897EA7CB79F}.Release|ARM.Deploy.0 = Release|ARM
		{5F35994F-4A39-48A6-A14A-F897EA7CB79F}.Release|x64.ActiveCfg = Release|x64
		{5F35994F-4A39-48A6-A14A-F897EA7CB79F}.Release|x64.Build.0 = Release|x64
		{5F35994F-4A39-48A6-A14A-F897EA7CB79F}.Release|x64.Deploy.0 = Release|x64
		{5F35994F-4A39-48A6-A14A-F897EA7CB79F}.Release|x86.ActiveCfg = Release|x86
		{5F35994F-4A39-48A6-A14A-F897EA7CB79F}.Release|x86.Build.0 = Release|x86
		{5F35994F-4A39-48A6-A14A-F897EA7CB79F}.Release|x86.Deploy.0 = Release|x86
		{D11F619F-9C45-4AF2-AF54-55E273D8D698}.Debug|Any CPU.ActiveCfg = Debug|Any CPU
		{D11F619F-9C45-4AF2-AF54-55E273D8D698}.Debug|Any CPU.Build.0 = Debug|Any CPU
		{D11F619F-9C45-4AF2-AF54-55E273D8D698}.Debug|ARM.ActiveCfg = Debug|ARM
		{D11F619F-9C45-4AF2-AF54-55E273D8D698}.Debug|ARM.Build.0 = Debug|ARM
		{D11F619F-9C45-4AF2-AF54-55E273D8D698}.Debug|x64.ActiveCfg = Debug|x64
		{D11F619F-9C45-4AF2-AF54-55E273D8D698}.Debug|x64.Build.0 = Debug|x64
		{D11F619F-9C45-4AF2-AF54-55E273D8D698}.Debug|x86.ActiveCfg = Debug|x86
		{D11F619F-9C45-4AF2-AF54-55E273D8D698}.Debug|x86.Build.0 = Debug|x86
		{D11F619F-9C45-4AF2-AF54-55E273D8D698}.Release|Any CPU.ActiveCfg = Release|Any CPU
		{D11F619F-9C45-4AF2-AF54-55E273D8D698}.Release|Any CPU.Build.0 = Release|Any CPU
		{D11F619F-9C45-4AF2-AF54-55E273D8D698}.Release|ARM.ActiveCfg = Release|ARM
		{D11F619F-9C45-4AF2-AF54-55E273D8D698}.Release|ARM.Build.0 = Release|ARM
		{D11F619F-9C45-4AF2-AF54-55E273D8D698}.Release|x64.ActiveCfg = Release|x64
		{D11F619F-9C45-4AF2-AF54-55E273D8D698}.Release|x64.Build.0 = Release|x64
		{D11F619F-9C45-4AF2-AF54-55E273D8D698}.Release|x86.ActiveCfg = Release|x86
		{D11F619F-9C45-4AF2-AF54-55E273D8D698}.Release|x86.Build.0 = Release|x86
		{5BF7B7A3-7304-4FED-B184-CB2202B85233}.Debug|Any CPU.ActiveCfg = Debug|Any CPU
		{5BF7B7A3-7304-4FED-B184-CB2202B85233}.Debug|Any CPU.Build.0 = Debug|Any CPU
		{5BF7B7A3-7304-4FED-B184-CB2202B85233}.Debug|ARM.ActiveCfg = Debug|ARM
		{5BF7B7A3-7304-4FED-B184-CB2202B85233}.Debug|ARM.Build.0 = Debug|ARM
		{5BF7B7A3-7304-4FED-B184-CB2202B85233}.Debug|x64.ActiveCfg = Debug|x64
		{5BF7B7A3-7304-4FED-B184-CB2202B85233}.Debug|x64.Build.0 = Debug|x64
		{5BF7B7A3-7304-4FED-B184-CB2202B85233}.Debug|x86.ActiveCfg = Debug|x86
		{5BF7B7A3-7304-4FED-B184-CB2202B85233}.Debug|x86.Build.0 = Debug|x86
		{5BF7B7A3-7304-4FED-B184-CB2202B85233}.Release|Any CPU.ActiveCfg = Release|Any CPU
		{5BF7B7A3-7304-4FED-B184-CB2202B85233}.Release|Any CPU.Build.0 = Release|Any CPU
		{5BF7B7A3-7304-4FED-B184-CB2202B85233}.Release|ARM.ActiveCfg = Release|ARM
		{5BF7B7A3-7304-4FED-B184-CB2202B85233}.Release|ARM.Build.0 = Release|ARM
		{5BF7B7A3-7304-4FED-B184-CB2202B85233}.Release|x64.ActiveCfg = Release|x64
		{5BF7B7A3-7304-4FED-B184-CB2202B85233}.Release|x64.Build.0 = Release|x64
		{5BF7B7A3-7304-4FED-B184-CB2202B85233}.Release|x86.ActiveCfg = Release|x86
		{5BF7B7A3-7304-4FED-B184-CB2202B85233}.Release|x86.Build.0 = Release|x86
		{7C1C197F-DC2C-4744-BD4C-DBDC6F6982EC}.Debug|Any CPU.ActiveCfg = Debug|Any CPU
		{7C1C197F-DC2C-4744-BD4C-DBDC6F6982EC}.Debug|Any CPU.Build.0 = Debug|Any CPU
		{7C1C197F-DC2C-4744-BD4C-DBDC6F6982EC}.Debug|ARM.ActiveCfg = Debug|ARM
		{7C1C197F-DC2C-4744-BD4C-DBDC6F6982EC}.Debug|ARM.Build.0 = Debug|ARM
		{7C1C197F-DC2C-4744-BD4C-DBDC6F6982EC}.Debug|x64.ActiveCfg = Debug|x64
		{7C1C197F-DC2C-4744-BD4C-DBDC6F6982EC}.Debug|x64.Build.0 = Debug|x64
		{7C1C197F-DC2C-4744-BD4C-DBDC6F6982EC}.Debug|x86.ActiveCfg = Debug|x86
		{7C1C197F-DC2C-4744-BD4C-DBDC6F6982EC}.Debug|x86.Build.0 = Debug|x86
		{7C1C197F-DC2C-4744-BD4C-DBDC6F6982EC}.Release|Any CPU.ActiveCfg = Release|Any CPU
		{7C1C197F-DC2C-4744-BD4C-DBDC6F6982EC}.Release|Any CPU.Build.0 = Release|Any CPU
		{7C1C197F-DC2C-4744-BD4C-DBDC6F6982EC}.Release|ARM.ActiveCfg = Release|ARM
		{7C1C197F-DC2C-4744-BD4C-DBDC6F6982EC}.Release|ARM.Build.0 = Release|ARM
		{7C1C197F-DC2C-4744-BD4C-DBDC6F6982EC}.Release|x64.ActiveCfg = Release|x64
		{7C1C197F-DC2C-4744-BD4C-DBDC6F6982EC}.Release|x64.Build.0 = Release|x64
		{7C1C197F-DC2C-4744-BD4C-DBDC6F6982EC}.Release|x86.ActiveCfg = Release|x86
		{7C1C197F-DC2C-4744-BD4C-DBDC6F6982EC}.Release|x86.Build.0 = Release|x86
		{ED56483F-72DD-45C2-A311-28577ECE1DBF}.Debug|Any CPU.ActiveCfg = Debug|Any CPU
		{ED56483F-72DD-45C2-A311-28577ECE1DBF}.Debug|Any CPU.Build.0 = Debug|Any CPU
		{ED56483F-72DD-45C2-A311-28577ECE1DBF}.Debug|ARM.ActiveCfg = Debug|ARM
		{ED56483F-72DD-45C2-A311-28577ECE1DBF}.Debug|ARM.Build.0 = Debug|ARM
		{ED56483F-72DD-45C2-A311-28577ECE1DBF}.Debug|x64.ActiveCfg = Debug|x64
		{ED56483F-72DD-45C2-A311-28577ECE1DBF}.Debug|x64.Build.0 = Debug|x64
		{ED56483F-72DD-45C2-A311-28577ECE1DBF}.Debug|x86.ActiveCfg = Debug|x86
		{ED56483F-72DD-45C2-A311-28577ECE1DBF}.Debug|x86.Build.0 = Debug|x86
		{ED56483F-72DD-45C2-A311-28577ECE1DBF}.Release|Any CPU.ActiveCfg = Release|Any CPU
		{ED56483F-72DD-45C2-A311-28577ECE1DBF}.Release|Any CPU.Build.0 = Release|Any CPU
		{ED56483F-72DD-45C2-A311-28577ECE1DBF}.Release|ARM.ActiveCfg = Release|ARM
		{ED56483F-72DD-45C2-A311-28577ECE1DBF}.Release|ARM.Build.0 = Release|ARM
		{ED56483F-72DD-45C2-A311-28577ECE1DBF}.Release|x64.ActiveCfg = Release|x64
		{ED56483F-72DD-45C2-A311-28577ECE1DBF}.Release|x64.Build.0 = Release|x64
		{ED56483F-72DD-45C2-A311-28577ECE1DBF}.Release|x86.ActiveCfg = Release|x86
		{ED56483F-72DD-45C2-A311-28577ECE1DBF}.Release|x86.Build.0 = Release|x86
		{E0727D20-0C82-4AB0-B7AA-BDF76388EB30}.Debug|Any CPU.ActiveCfg = Debug|Any CPU
		{E0727D20-0C82-4AB0-B7AA-BDF76388EB30}.Debug|Any CPU.Build.0 = Debug|Any CPU
		{E0727D20-0C82-4AB0-B7AA-BDF76388EB30}.Debug|ARM.ActiveCfg = Debug|ARM
		{E0727D20-0C82-4AB0-B7AA-BDF76388EB30}.Debug|ARM.Build.0 = Debug|ARM
		{E0727D20-0C82-4AB0-B7AA-BDF76388EB30}.Debug|x64.ActiveCfg = Debug|x64
		{E0727D20-0C82-4AB0-B7AA-BDF76388EB30}.Debug|x64.Build.0 = Debug|x64
		{E0727D20-0C82-4AB0-B7AA-BDF76388EB30}.Debug|x86.ActiveCfg = Debug|x86
		{E0727D20-0C82-4AB0-B7AA-BDF76388EB30}.Debug|x86.Build.0 = Debug|x86
		{E0727D20-0C82-4AB0-B7AA-BDF76388EB30}.Release|Any CPU.ActiveCfg = Release|Any CPU
		{E0727D20-0C82-4AB0-B7AA-BDF76388EB30}.Release|Any CPU.Build.0 = Release|Any CPU
		{E0727D20-0C82-4AB0-B7AA-BDF76388EB30}.Release|ARM.ActiveCfg = Release|ARM
		{E0727D20-0C82-4AB0-B7AA-BDF76388EB30}.Release|ARM.Build.0 = Release|ARM
		{E0727D20-0C82-4AB0-B7AA-BDF76388EB30}.Release|x64.ActiveCfg = Release|x64
		{E0727D20-0C82-4AB0-B7AA-BDF76388EB30}.Release|x64.Build.0 = Release|x64
		{E0727D20-0C82-4AB0-B7AA-BDF76388EB30}.Release|x86.ActiveCfg = Release|x86
		{E0727D20-0C82-4AB0-B7AA-BDF76388EB30}.Release|x86.Build.0 = Release|x86
		{B2AB8107-DB45-4622-A8BC-2AA9DFABCE68}.Debug|Any CPU.ActiveCfg = Debug|Any CPU
		{B2AB8107-DB45-4622-A8BC-2AA9DFABCE68}.Debug|Any CPU.Build.0 = Debug|Any CPU
		{B2AB8107-DB45-4622-A8BC-2AA9DFABCE68}.Debug|ARM.ActiveCfg = Debug|ARM
		{B2AB8107-DB45-4622-A8BC-2AA9DFABCE68}.Debug|ARM.Build.0 = Debug|ARM
		{B2AB8107-DB45-4622-A8BC-2AA9DFABCE68}.Debug|x64.ActiveCfg = Debug|x64
		{B2AB8107-DB45-4622-A8BC-2AA9DFABCE68}.Debug|x64.Build.0 = Debug|x64
		{B2AB8107-DB45-4622-A8BC-2AA9DFABCE68}.Debug|x86.ActiveCfg = Debug|x86
		{B2AB8107-DB45-4622-A8BC-2AA9DFABCE68}.Debug|x86.Build.0 = Debug|x86
		{B2AB8107-DB45-4622-A8BC-2AA9DFABCE68}.Release|Any CPU.ActiveCfg = Release|Any CPU
		{B2AB8107-DB45-4622-A8BC-2AA9DFABCE68}.Release|Any CPU.Build.0 = Release|Any CPU
		{B2AB8107-DB45-4622-A8BC-2AA9DFABCE68}.Release|ARM.ActiveCfg = Release|ARM
		{B2AB8107-DB45-4622-A8BC-2AA9DFABCE68}.Release|ARM.Build.0 = Release|ARM
		{B2AB8107-DB45-4622-A8BC-2AA9DFABCE68}.Release|x64.ActiveCfg = Release|x64
		{B2AB8107-DB45-4622-A8BC-2AA9DFABCE68}.Release|x64.Build.0 = Release|x64
		{B2AB8107-DB45-4622-A8BC-2AA9DFABCE68}.Release|x86.ActiveCfg = Release|x86
		{B2AB8107-DB45-4622-A8BC-2AA9DFABCE68}.Release|x86.Build.0 = Release|x86
		{B606F210-00AC-4C39-A98B-21B6B2D5F10F}.Debug|Any CPU.ActiveCfg = Debug|Any CPU
		{B606F210-00AC-4C39-A98B-21B6B2D5F10F}.Debug|Any CPU.Build.0 = Debug|Any CPU
		{B606F210-00AC-4C39-A98B-21B6B2D5F10F}.Debug|ARM.ActiveCfg = Debug|ARM
		{B606F210-00AC-4C39-A98B-21B6B2D5F10F}.Debug|ARM.Build.0 = Debug|ARM
		{B606F210-00AC-4C39-A98B-21B6B2D5F10F}.Debug|x64.ActiveCfg = Debug|x64
		{B606F210-00AC-4C39-A98B-21B6B2D5F10F}.Debug|x64.Build.0 = Debug|x64
		{B606F210-00AC-4C39-A98B-21B6B2D5F10F}.Debug|x86.ActiveCfg = Debug|x86
		{B606F210-00AC-4C39-A98B-21B6B2D5F10F}.Debug|x86.Build.0 = Debug|x86
		{B606F210-00AC-4C39-A98B-21B6B2D5F10F}.Release|Any CPU.ActiveCfg = Release|Any CPU
		{B606F210-00AC-4C39-A98B-21B6B2D5F10F}.Release|Any CPU.Build.0 = Release|Any CPU
		{B606F210-00AC-4C39-A98B-21B6B2D5F10F}.Release|ARM.ActiveCfg = Release|ARM
		{B606F210-00AC-4C39-A98B-21B6B2D5F10F}.Release|ARM.Build.0 = Release|ARM
		{B606F210-00AC-4C39-A98B-21B6B2D5F10F}.Release|x64.ActiveCfg = Release|x64
		{B606F210-00AC-4C39-A98B-21B6B2D5F10F}.Release|x64.Build.0 = Release|x64
		{B606F210-00AC-4C39-A98B-21B6B2D5F10F}.Release|x86.ActiveCfg = Release|x86
		{B606F210-00AC-4C39-A98B-21B6B2D5F10F}.Release|x86.Build.0 = Release|x86
		{FF2D04C0-1208-4A22-BFE1-CC4B6E66FF7F}.Debug|Any CPU.ActiveCfg = Debug|Any CPU
		{FF2D04C0-1208-4A22-BFE1-CC4B6E66FF7F}.Debug|Any CPU.Build.0 = Debug|Any CPU
		{FF2D04C0-1208-4A22-BFE1-CC4B6E66FF7F}.Debug|ARM.ActiveCfg = Debug|ARM
		{FF2D04C0-1208-4A22-BFE1-CC4B6E66FF7F}.Debug|ARM.Build.0 = Debug|ARM
		{FF2D04C0-1208-4A22-BFE1-CC4B6E66FF7F}.Debug|x64.ActiveCfg = Debug|x64
		{FF2D04C0-1208-4A22-BFE1-CC4B6E66FF7F}.Debug|x64.Build.0 = Debug|x64
		{FF2D04C0-1208-4A22-BFE1-CC4B6E66FF7F}.Debug|x86.ActiveCfg = Debug|x86
		{FF2D04C0-1208-4A22-BFE1-CC4B6E66FF7F}.Debug|x86.Build.0 = Debug|x86
		{FF2D04C0-1208-4A22-BFE1-CC4B6E66FF7F}.Release|Any CPU.ActiveCfg = Release|Any CPU
		{FF2D04C0-1208-4A22-BFE1-CC4B6E66FF7F}.Release|Any CPU.Build.0 = Release|Any CPU
		{FF2D04C0-1208-4A22-BFE1-CC4B6E66FF7F}.Release|ARM.ActiveCfg = Release|ARM
		{FF2D04C0-1208-4A22-BFE1-CC4B6E66FF7F}.Release|ARM.Build.0 = Release|ARM
		{FF2D04C0-1208-4A22-BFE1-CC4B6E66FF7F}.Release|x64.ActiveCfg = Release|x64
		{FF2D04C0-1208-4A22-BFE1-CC4B6E66FF7F}.Release|x64.Build.0 = Release|x64
		{FF2D04C0-1208-4A22-BFE1-CC4B6E66FF7F}.Release|x86.ActiveCfg = Release|x86
		{FF2D04C0-1208-4A22-BFE1-CC4B6E66FF7F}.Release|x86.Build.0 = Release|x86
	EndGlobalSection
	GlobalSection(SolutionProperties) = preSolution
		HideSolutionNode = FALSE
	EndGlobalSection
	GlobalSection(ExtensibilityGlobals) = postSolution
		SolutionGuid = {FDBFF55B-40F0-4169-AB18-94D68D18627F}
	EndGlobalSection
EndGlobal
